// !$*UTF8*$!
{
	archiveVersion = 1;
	classes = {
	};
	objectVersion = 46;
	objects = {

/* Begin PBXBuildFile section */
		F40063771F05B3C30019C0FE /* AppDelegate.swift in Sources */ = {isa = PBXBuildFile; fileRef = F40063761F05B3C30019C0FE /* AppDelegate.swift */; };
		F40063791F05B3C30019C0FE /* ViewController.swift in Sources */ = {isa = PBXBuildFile; fileRef = F40063781F05B3C30019C0FE /* ViewController.swift */; };
		F400637B1F05B3C30019C0FE /* Assets.xcassets in Resources */ = {isa = PBXBuildFile; fileRef = F400637A1F05B3C30019C0FE /* Assets.xcassets */; };
		F400637E1F05B3C30019C0FE /* Main.storyboard in Resources */ = {isa = PBXBuildFile; fileRef = F400637C1F05B3C30019C0FE /* Main.storyboard */; };
/* End PBXBuildFile section */

/* Begin PBXContainerItemProxy section */
		2DB19DC11F06C6E5001AB08D /* PBXContainerItemProxy */ = {
			isa = PBXContainerItemProxy;
			containerPortal = F400636B1F05B3C30019C0FE /* Project object */;
			proxyType = 1;
			remoteGlobalIDString = F40063721F05B3C30019C0FE;
			remoteInfo = AppIcons;
		};
/* End PBXContainerItemProxy section */

/* Begin PBXFileReference section */
		2DB19DBC1F06C6E5001AB08D /* AppIconsTests.xctest */ = {isa = PBXFileReference; explicitFileType = wrapper.cfbundle; includeInIndex = 0; path = AppIconsTests.xctest; sourceTree = BUILT_PRODUCTS_DIR; };
		2DB19DC01F06C6E5001AB08D /* Info.plist */ = {isa = PBXFileReference; lastKnownFileType = text.plist.xml; path = Info.plist; sourceTree = "<group>"; };
		F40063731F05B3C30019C0FE /* AppIcons.app */ = {isa = PBXFileReference; explicitFileType = wrapper.application; includeInIndex = 0; path = AppIcons.app; sourceTree = BUILT_PRODUCTS_DIR; };
		F40063761F05B3C30019C0FE /* AppDelegate.swift */ = {isa = PBXFileReference; lastKnownFileType = sourcecode.swift; path = AppDelegate.swift; sourceTree = "<group>"; };
		F40063781F05B3C30019C0FE /* ViewController.swift */ = {isa = PBXFileReference; lastKnownFileType = sourcecode.swift; path = ViewController.swift; sourceTree = "<group>"; wrapsLines = 0; };
		F400637A1F05B3C30019C0FE /* Assets.xcassets */ = {isa = PBXFileReference; lastKnownFileType = folder.assetcatalog; path = Assets.xcassets; sourceTree = "<group>"; };
		F400637D1F05B3C30019C0FE /* Base */ = {isa = PBXFileReference; lastKnownFileType = file.storyboard; name = Base; path = Base.lproj/Main.storyboard; sourceTree = "<group>"; };
		F400637F1F05B3C30019C0FE /* Info.plist */ = {isa = PBXFileReference; lastKnownFileType = text.plist.xml; path = Info.plist; sourceTree = "<group>"; };
		F40063851F05EF960019C0FE /* Readme.md */ = {isa = PBXFileReference; lastKnownFileType = net.daringfireball.markdown; path = Readme.md; sourceTree = "<group>"; };
/* End PBXFileReference section */

/* Begin PBXFrameworksBuildPhase section */
		2DB19DB91F06C6E5001AB08D /* Frameworks */ = {
			isa = PBXFrameworksBuildPhase;
			buildActionMask = 2147483647;
			files = (
			);
			runOnlyForDeploymentPostprocessing = 0;
		};
		F40063701F05B3C30019C0FE /* Frameworks */ = {
			isa = PBXFrameworksBuildPhase;
			buildActionMask = 2147483647;
			files = (
			);
			runOnlyForDeploymentPostprocessing = 0;
		};
/* End PBXFrameworksBuildPhase section */

/* Begin PBXGroup section */
		2DB19DBD1F06C6E5001AB08D /* AppIconsTests */ = {
			isa = PBXGroup;
			children = (
				2DB19DC01F06C6E5001AB08D /* Info.plist */,
			);
			path = AppIconsTests;
			sourceTree = "<group>";
		};
		F400636A1F05B3C30019C0FE = {
			isa = PBXGroup;
			children = (
				F40063851F05EF960019C0FE /* Readme.md */,
				F40063751F05B3C30019C0FE /* AppIcons */,
				2DB19DBD1F06C6E5001AB08D /* AppIconsTests */,
				F40063741F05B3C30019C0FE /* Products */,
			);
			sourceTree = "<group>";
		};
		F40063741F05B3C30019C0FE /* Products */ = {
			isa = PBXGroup;
			children = (
				F40063731F05B3C30019C0FE /* AppIcons.app */,
				2DB19DBC1F06C6E5001AB08D /* AppIconsTests.xctest */,
			);
			name = Products;
			sourceTree = "<group>";
		};
		F40063751F05B3C30019C0FE /* AppIcons */ = {
			isa = PBXGroup;
			children = (
				F400637F1F05B3C30019C0FE /* Info.plist */,
				F40063761F05B3C30019C0FE /* AppDelegate.swift */,
				F40063781F05B3C30019C0FE /* ViewController.swift */,
				F400637C1F05B3C30019C0FE /* Main.storyboard */,
				F400637A1F05B3C30019C0FE /* Assets.xcassets */,
			);
			path = AppIcons;
			sourceTree = "<group>";
		};
/* End PBXGroup section */

/* Begin PBXNativeTarget section */
		2DB19DBB1F06C6E5001AB08D /* AppIconsTests */ = {
			isa = PBXNativeTarget;
			buildConfigurationList = 2DB19DC51F06C6E5001AB08D /* Build configuration list for PBXNativeTarget "AppIconsTests" */;
			buildPhases = (
				2DB19DB81F06C6E5001AB08D /* Sources */,
				2DB19DB91F06C6E5001AB08D /* Frameworks */,
				2DB19DBA1F06C6E5001AB08D /* Resources */,
			);
			buildRules = (
			);
			dependencies = (
				2DB19DC21F06C6E5001AB08D /* PBXTargetDependency */,
			);
			name = AppIconsTests;
			productName = AppIconsTests;
			productReference = 2DB19DBC1F06C6E5001AB08D /* AppIconsTests.xctest */;
			productType = "com.apple.product-type.bundle.unit-test";
		};
		F40063721F05B3C30019C0FE /* AppIcons */ = {
			isa = PBXNativeTarget;
			buildConfigurationList = F40063821F05B3C30019C0FE /* Build configuration list for PBXNativeTarget "AppIcons" */;
			buildPhases = (
				F400636F1F05B3C30019C0FE /* Sources */,
				F40063701F05B3C30019C0FE /* Frameworks */,
				F40063711F05B3C30019C0FE /* Resources */,
			);
			buildRules = (
			);
			dependencies = (
			);
			name = AppIcons;
			productName = AppIcons;
			productReference = F40063731F05B3C30019C0FE /* AppIcons.app */;
			productType = "com.apple.product-type.application";
		};
/* End PBXNativeTarget section */

/* Begin PBXProject section */
		F400636B1F05B3C30019C0FE /* Project object */ = {
			isa = PBXProject;
			attributes = {
				LastSwiftUpdateCheck = 0830;
				LastUpgradeCheck = 0830;
				ORGANIZATIONNAME = Armonia;
				TargetAttributes = {
					2DB19DBB1F06C6E5001AB08D = {
						CreatedOnToolsVersion = 8.3.3;
						ProvisioningStyle = Automatic;
						TestTargetID = F40063721F05B3C30019C0FE;
					};
					F40063721F05B3C30019C0FE = {
						CreatedOnToolsVersion = 8.3.2;
						DevelopmentTeam = W7PMV9XFGM;
						ProvisioningStyle = Automatic;
					};
				};
			};
			buildConfigurationList = F400636E1F05B3C30019C0FE /* Build configuration list for PBXProject "AppIcons" */;
			compatibilityVersion = "Xcode 3.2";
			developmentRegion = English;
			hasScannedForEncodings = 0;
			knownRegions = (
				en,
				Base,
			);
			mainGroup = F400636A1F05B3C30019C0FE;
			productRefGroup = F40063741F05B3C30019C0FE /* Products */;
			projectDirPath = "";
			projectRoot = "";
			targets = (
				F40063721F05B3C30019C0FE /* AppIcons */,
				2DB19DBB1F06C6E5001AB08D /* AppIconsTests */,
			);
		};
/* End PBXProject section */

/* Begin PBXResourcesBuildPhase section */
		2DB19DBA1F06C6E5001AB08D /* Resources */ = {
			isa = PBXResourcesBuildPhase;
			buildActionMask = 2147483647;
			files = (
			);
			runOnlyForDeploymentPostprocessing = 0;
		};
		F40063711F05B3C30019C0FE /* Resources */ = {
			isa = PBXResourcesBuildPhase;
			buildActionMask = 2147483647;
			files = (
				F400637B1F05B3C30019C0FE /* Assets.xcassets in Resources */,
				F400637E1F05B3C30019C0FE /* Main.storyboard in Resources */,
			);
			runOnlyForDeploymentPostprocessing = 0;
		};
/* End PBXResourcesBuildPhase section */

/* Begin PBXSourcesBuildPhase section */
		2DB19DB81F06C6E5001AB08D /* Sources */ = {
			isa = PBXSourcesBuildPhase;
			buildActionMask = 2147483647;
			files = (
			);
			runOnlyForDeploymentPostprocessing = 0;
		};
		F400636F1F05B3C30019C0FE /* Sources */ = {
			isa = PBXSourcesBuildPhase;
			buildActionMask = 2147483647;
			files = (
				F40063791F05B3C30019C0FE /* ViewController.swift in Sources */,
				F40063771F05B3C30019C0FE /* AppDelegate.swift in Sources */,
			);
			runOnlyForDeploymentPostprocessing = 0;
		};
/* End PBXSourcesBuildPhase section */

/* Begin PBXTargetDependency section */
		2DB19DC21F06C6E5001AB08D /* PBXTargetDependency */ = {
			isa = PBXTargetDependency;
			target = F40063721F05B3C30019C0FE /* AppIcons */;
			targetProxy = 2DB19DC11F06C6E5001AB08D /* PBXContainerItemProxy */;
		};
/* End PBXTargetDependency section */

/* Begin PBXVariantGroup section */
		F400637C1F05B3C30019C0FE /* Main.storyboard */ = {
			isa = PBXVariantGroup;
			children = (
				F400637D1F05B3C30019C0FE /* Base */,
			);
			name = Main.storyboard;
			sourceTree = "<group>";
		};
/* End PBXVariantGroup section */

/* Begin XCBuildConfiguration section */
		2DB19DC31F06C6E5001AB08D /* Debug */ = {
			isa = XCBuildConfiguration;
			buildSettings = {
				BUNDLE_LOADER = "$(TEST_HOST)";
				COMBINE_HIDPI_IMAGES = YES;
				INFOPLIST_FILE = AppIconsTests/Info.plist;
				LD_RUNPATH_SEARCH_PATHS = "$(inherited) @executable_path/../Frameworks @loader_path/../Frameworks";
				PRODUCT_BUNDLE_IDENTIFIER = Armonia.AppIconsTests;
				PRODUCT_NAME = "$(TARGET_NAME)";
				SWIFT_VERSION = 3.0;
				TEST_HOST = "$(BUILT_PRODUCTS_DIR)/AppIcons.app/Contents/MacOS/AppIcons";
			};
			name = Debug;
		};
		2DB19DC41F06C6E5001AB08D /* Release */ = {
			isa = XCBuildConfiguration;
			buildSettings = {
				BUNDLE_LOADER = "$(TEST_HOST)";
				COMBINE_HIDPI_IMAGES = YES;
				INFOPLIST_FILE = AppIconsTests/Info.plist;
				LD_RUNPATH_SEARCH_PATHS = "$(inherited) @executable_path/../Frameworks @loader_path/../Frameworks";
				PRODUCT_BUNDLE_IDENTIFIER = Armonia.AppIconsTests;
				PRODUCT_NAME = "$(TARGET_NAME)";
				SWIFT_VERSION = 3.0;
				TEST_HOST = "$(BUILT_PRODUCTS_DIR)/AppIcons.app/Contents/MacOS/AppIcons";
			};
			name = Release;
		};
		F40063801F05B3C30019C0FE /* Debug */ = {
			isa = XCBuildConfiguration;
			buildSettings = {
				ALWAYS_SEARCH_USER_PATHS = NO;
				CLANG_ANALYZER_NONNULL = YES;
				CLANG_ANALYZER_NUMBER_OBJECT_CONVERSION = YES_AGGRESSIVE;
				CLANG_CXX_LANGUAGE_STANDARD = "gnu++0x";
				CLANG_CXX_LIBRARY = "libc++";
				CLANG_ENABLE_MODULES = YES;
				CLANG_ENABLE_OBJC_ARC = YES;
				CLANG_WARN_BOOL_CONVERSION = YES;
				CLANG_WARN_CONSTANT_CONVERSION = YES;
				CLANG_WARN_DIRECT_OBJC_ISA_USAGE = YES_ERROR;
				CLANG_WARN_DOCUMENTATION_COMMENTS = YES;
				CLANG_WARN_EMPTY_BODY = YES;
				CLANG_WARN_ENUM_CONVERSION = YES;
				CLANG_WARN_INFINITE_RECURSION = YES;
				CLANG_WARN_INT_CONVERSION = YES;
				CLANG_WARN_OBJC_ROOT_CLASS = YES_ERROR;
				CLANG_WARN_SUSPICIOUS_MOVE = YES;
				CLANG_WARN_UNREACHABLE_CODE = YES;
				CLANG_WARN__DUPLICATE_METHOD_MATCH = YES;
				CODE_SIGN_IDENTITY = "-";
				COPY_PHASE_STRIP = NO;
				DEBUG_INFORMATION_FORMAT = dwarf;
				ENABLE_STRICT_OBJC_MSGSEND = YES;
				ENABLE_TESTABILITY = YES;
				GCC_C_LANGUAGE_STANDARD = gnu99;
				GCC_DYNAMIC_NO_PIC = NO;
				GCC_NO_COMMON_BLOCKS = YES;
				GCC_OPTIMIZATION_LEVEL = 0;
				GCC_PREPROCESSOR_DEFINITIONS = (
					"DEBUG=1",
					"$(inherited)",
				);
				GCC_WARN_64_TO_32_BIT_CONVERSION = YES;
				GCC_WARN_ABOUT_RETURN_TYPE = YES_ERROR;
				GCC_WARN_UNDECLARED_SELECTOR = YES;
				GCC_WARN_UNINITIALIZED_AUTOS = YES_AGGRESSIVE;
				GCC_WARN_UNUSED_FUNCTION = YES;
				GCC_WARN_UNUSED_VARIABLE = YES;
				MACOSX_DEPLOYMENT_TARGET = 10.12;
				MTL_ENABLE_DEBUG_INFO = YES;
				ONLY_ACTIVE_ARCH = YES;
				SDKROOT = macosx;
				SWIFT_ACTIVE_COMPILATION_CONDITIONS = DEBUG;
				SWIFT_OPTIMIZATION_LEVEL = "-Onone";
			};
			name = Debug;
		};
		F40063811F05B3C30019C0FE /* Release */ = {
			isa = XCBuildConfiguration;
			buildSettings = {
				ALWAYS_SEARCH_USER_PATHS = NO;
				CLANG_ANALYZER_NONNULL = YES;
				CLANG_ANALYZER_NUMBER_OBJECT_CONVERSION = YES_AGGRESSIVE;
				CLANG_CXX_LANGUAGE_STANDARD = "gnu++0x";
				CLANG_CXX_LIBRARY = "libc++";
				CLANG_ENABLE_MODULES = YES;
				CLANG_ENABLE_OBJC_ARC = YES;
				CLANG_WARN_BOOL_CONVERSION = YES;
				CLANG_WARN_CONSTANT_CONVERSION = YES;
				CLANG_WARN_DIRECT_OBJC_ISA_USAGE = YES_ERROR;
				CLANG_WARN_DOCUMENTATION_COMMENTS = YES;
				CLANG_WARN_EMPTY_BODY = YES;
				CLANG_WARN_ENUM_CONVERSION = YES;
				CLANG_WARN_INFINITE_RECURSION = YES;
				CLANG_WARN_INT_CONVERSION = YES;
				CLANG_WARN_OBJC_ROOT_CLASS = YES_ERROR;
				CLANG_WARN_SUSPICIOUS_MOVE = YES;
				CLANG_WARN_UNREACHABLE_CODE = YES;
				CLANG_WARN__DUPLICATE_METHOD_MATCH = YES;
				CODE_SIGN_IDENTITY = "-";
				COPY_PHASE_STRIP = NO;
				DEBUG_INFORMATION_FORMAT = "dwarf-with-dsym";
				ENABLE_NS_ASSERTIONS = NO;
				ENABLE_STRICT_OBJC_MSGSEND = YES;
				GCC_C_LANGUAGE_STANDARD = gnu99;
				GCC_NO_COMMON_BLOCKS = YES;
				GCC_WARN_64_TO_32_BIT_CONVERSION = YES;
				GCC_WARN_ABOUT_RETURN_TYPE = YES_ERROR;
				GCC_WARN_UNDECLARED_SELECTOR = YES;
				GCC_WARN_UNINITIALIZED_AUTOS = YES_AGGRESSIVE;
				GCC_WARN_UNUSED_FUNCTION = YES;
				GCC_WARN_UNUSED_VARIABLE = YES;
				MACOSX_DEPLOYMENT_TARGET = 10.12;
				MTL_ENABLE_DEBUG_INFO = NO;
				SDKROOT = macosx;
				SWIFT_OPTIMIZATION_LEVEL = "-Owholemodule";
			};
			name = Release;
		};
		F40063831F05B3C30019C0FE /* Debug */ = {
			isa = XCBuildConfiguration;
			buildSettings = {
				ASSETCATALOG_COMPILER_APPICON_NAME = AppIcon;
				COMBINE_HIDPI_IMAGES = YES;
				DEVELOPMENT_TEAM = W7PMV9XFGM;
				INFOPLIST_FILE = AppIcons/Info.plist;
				LD_RUNPATH_SEARCH_PATHS = "$(inherited) @executable_path/../Frameworks";
				PRODUCT_BUNDLE_IDENTIFIER = Armonia.AppIcons;
				PRODUCT_NAME = "$(TARGET_NAME)";
				SWIFT_VERSION = 3.0;
			};
			name = Debug;
		};
		F40063841F05B3C30019C0FE /* Release */ = {
			isa = XCBuildConfiguration;
			buildSettings = {
				ASSETCATALOG_COMPILER_APPICON_NAME = AppIcon;
				COMBINE_HIDPI_IMAGES = YES;
				DEVELOPMENT_TEAM = W7PMV9XFGM;
				INFOPLIST_FILE = AppIcons/Info.plist;
				LD_RUNPATH_SEARCH_PATHS = "$(inherited) @executable_path/../Frameworks";
				PRODUCT_BUNDLE_IDENTIFIER = Armonia.AppIcons;
				PRODUCT_NAME = "$(TARGET_NAME)";
				SWIFT_VERSION = 3.0;
			};
			name = Release;
		};
/* End XCBuildConfiguration section */

/* Begin XCConfigurationList section */
		2DB19DC51F06C6E5001AB08D /* Build configuration list for PBXNativeTarget "AppIconsTests" */ = {
			isa = XCConfigurationList;
			buildConfigurations = (
				2DB19DC31F06C6E5001AB08D /* Debug */,
				2DB19DC41F06C6E5001AB08D /* Release */,
			);
			defaultConfigurationIsVisible = 0;
		};
		F400636E1F05B3C30019C0FE /* Build configuration list for PBXProject "AppIcons" */ = {
			isa = XCConfigurationList;
			buildConfigurations = (
				F40063801F05B3C30019C0FE /* Debug */,
				F40063811F05B3C30019C0FE /* Release */,
			);
			defaultConfigurationIsVisible = 0;
			defaultConfigurationName = Release;
		};
		F40063821F05B3C30019C0FE /* Build configuration list for PBXNativeTarget "AppIcons" */ = {
			isa = XCConfigurationList;
			buildConfigurations = (
				F40063831F05B3C30019C0FE /* Debug */,
				F40063841F05B3C30019C0FE /* Release */,
			);
			defaultConfigurationIsVisible = 0;
			defaultConfigurationName = Release;
		};
/* End XCConfigurationList section */
	};
	rootObject = F400636B1F05B3C30019C0FE /* Project object */;
}
